
Microsoft Visual Studio Solution File, Format Version 12.00
# Visual Studio Version 16
VisualStudioVersion = 16.0.30002.166
MinimumVisualStudioVersion = 10.0.40219.1
Project("{9A19103F-16F7-4668-BE54-9A1E7A4F7556}") = "MyCosmetologist", "MyCosmetologist\MyCosmetologist.csproj", "{8703C574-5723-484B-861A-F61AC605919B}"
EndProject
Project("{00D1A9C2-B5F0-4AF3-8072-F6C62B433612}") = "CosmetologistDb", "CosmetologyDb\CosmetologistDb.sqlproj", "{2E77E581-AD69-451E-9EC1-5B581F7BE213}"
EndProject
Global
	GlobalSection(SolutionConfigurationPlatforms) = preSolution
		Debug|Any CPU = Debug|Any CPU
		Release|Any CPU = Release|Any CPU
	EndGlobalSection
	GlobalSection(ProjectConfigurationPlatforms) = postSolution
		{8703C574-5723-484B-861A-F61AC605919B}.Debug|Any CPU.ActiveCfg = Debug|Any CPU
		{8703C574-5723-484B-861A-F61AC605919B}.Debug|Any CPU.Build.0 = Debug|Any CPU
		{8703C574-5723-484B-861A-F61AC605919B}.Release|Any CPU.ActiveCfg = Release|Any CPU
		{8703C574-5723-484B-861A-F61AC605919B}.Release|Any CPU.Build.0 = Release|Any CPU
		{2E77E581-AD69-451E-9EC1-5B581F7BE213}.Debug|Any CPU.ActiveCfg = Debug|Any CPU
		{2E77E581-AD69-451E-9EC1-5B581F7BE213}.Debug|Any CPU.Build.0 = Debug|Any CPU
		{2E77E581-AD69-451E-9EC1-5B581F7BE213}.Debug|Any CPU.Deploy.0 = Debug|Any CPU
		{2E77E581-AD69-451E-9EC1-5B581F7BE213}.Release|Any CPU.ActiveCfg = Release|Any CPU
		{2E77E581-AD69-451E-9EC1-5B581F7BE213}.Release|Any CPU.Build.0 = Release|Any CPU
		{2E77E581-AD69-451E-9EC1-5B581F7BE213}.Release|Any CPU.Deploy.0 = Release|Any CPU
	EndGlobalSection
	GlobalSection(SolutionProperties) = preSolution
		HideSolutionNode = FALSE
	EndGlobalSection
	GlobalSection(ExtensibilityGlobals) = postSolution
		SolutionGuid = {30214E25-4838-4821-8731-1869D3DFC302}
	EndGlobalSection
EndGlobal
